
Microsoft Visual Studio Solution File, Format Version 12.00
# Visual Studio Version 17
VisualStudioVersion = 17.6.33829.357
MinimumVisualStudioVersion = 10.0.40219.1
Project("{FAE04EC0-301F-11D3-BF4B-00C04F79EFBC}") = "T7_3", "T7_3.csproj", "{EA9C0430-7ED9-401F-8D76-53685DFD8228}"
EndProject
Global
	GlobalSection(SolutionConfigurationPlatforms) = preSolution
		Debug|Any CPU = Debug|Any CPU
		Release|Any CPU = Release|Any CPU
	EndGlobalSection
	GlobalSection(ProjectConfigurationPlatforms) = postSolution
		{EA9C0430-7ED9-401F-8D76-53685DFD8228}.Debug|Any CPU.ActiveCfg = Debug|Any CPU
		{EA9C0430-7ED9-401F-8D76-53685DFD8228}.Debug|Any CPU.Build.0 = Debug|Any CPU
		{EA9C0430-7ED9-401F-8D76-53685DFD8228}.Release|Any CPU.ActiveCfg = Release|Any CPU
		{EA9C0430-7ED9-401F-8D76-53685DFD8228}.Release|Any CPU.Build.0 = Release|Any CPU
	EndGlobalSection
	GlobalSection(SolutionProperties) = preSolution
		HideSolutionNode = FALSE
	EndGlobalSection
	GlobalSection(ExtensibilityGlobals) = postSolution
		SolutionGuid = {CF6B7704-8ECA-40D4-9AA4-0190F1683F9A}
	EndGlobalSection
EndGlobal
